
Microsoft Visual Studio Solution File, Format Version 12.00
# Visual Studio Version 16
VisualStudioVersion = 16.0.30114.105
MinimumVisualStudioVersion = 10.0.40219.1
Project("{9A19103F-16F7-4668-BE54-9A1E7A4F7556}") = "CommerceMedicalClinic", "CommerceMedicalClinic\CommerceMedicalClinic.csproj", "{0A0D5811-792A-4E9E-A248-91FEC2E4A174}"
EndProject
Global
	GlobalSection(SolutionConfigurationPlatforms) = preSolution
		Debug|Any CPU = Debug|Any CPU
		Release|Any CPU = Release|Any CPU
	EndGlobalSection
	GlobalSection(ProjectConfigurationPlatforms) = postSolution
		{0A0D5811-792A-4E9E-A248-91FEC2E4A174}.Debug|Any CPU.ActiveCfg = Debug|Any CPU
		{0A0D5811-792A-4E9E-A248-91FEC2E4A174}.Debug|Any CPU.Build.0 = Debug|Any CPU
		{0A0D5811-792A-4E9E-A248-91FEC2E4A174}.Release|Any CPU.ActiveCfg = Release|Any CPU
		{0A0D5811-792A-4E9E-A248-91FEC2E4A174}.Release|Any CPU.Build.0 = Release|Any CPU
	EndGlobalSection
	GlobalSection(SolutionProperties) = preSolution
		HideSolutionNode = FALSE
	EndGlobalSection
	GlobalSection(ExtensibilityGlobals) = postSolution
		SolutionGuid = {CCD56BB5-0619-4CE1-9374-BC030EB0DD65}
	EndGlobalSection
EndGlobal
